
Microsoft Visual Studio Solution File, Format Version 12.00
# Visual Studio Version 17
VisualStudioVersion = 17.7.34202.233
MinimumVisualStudioVersion = 10.0.40219.1
Project("{FAE04EC0-301F-11D3-BF4B-00C04F79EFBC}") = "BankBoxBTGTest", "BankBoxBTGTest\BankBoxBTGTest.csproj", "{83E14613-F213-484F-940F-E4B2C31852FC}"
EndProject
Global
	GlobalSection(SolutionConfigurationPlatforms) = preSolution
		Debug|Any CPU = Debug|Any CPU
		Release|Any CPU = Release|Any CPU
	EndGlobalSection
	GlobalSection(ProjectConfigurationPlatforms) = postSolution
		{83E14613-F213-484F-940F-E4B2C31852FC}.Debug|Any CPU.ActiveCfg = Debug|Any CPU
		{83E14613-F213-484F-940F-E4B2C31852FC}.Debug|Any CPU.Build.0 = Debug|Any CPU
		{83E14613-F213-484F-940F-E4B2C31852FC}.Release|Any CPU.ActiveCfg = Release|Any CPU
		{83E14613-F213-484F-940F-E4B2C31852FC}.Release|Any CPU.Build.0 = Release|Any CPU
	EndGlobalSection
	GlobalSection(SolutionProperties) = preSolution
		HideSolutionNode = FALSE
	EndGlobalSection
	GlobalSection(ExtensibilityGlobals) = postSolution
		SolutionGuid = {91745FF8-F1B4-40B8-902E-8FA799A9B4BD}
	EndGlobalSection
EndGlobal
